Microsoft Visual Studio Solution File, Format Version 12.00
# Visual Studio Version 17
VisualStudioVersion = 17.13.35931.197
MinimumVisualStudioVersion = 10.0.40219.1
Project("{2150E333-8FDC-42A3-9474-1A3956D46DE8}") = "Solution Items", "Solution Items", "{8EC462FD-D22E-90A8-E5CE-7E832BA40C5D}"
	ProjectSection(SolutionItems) = preProject
		Directory.Packages.props = Directory.Packages.props
	EndProjectSection
EndProject
Project("{FAE04EC0-301F-11D3-BF4B-00C04F79EFBC}") = "Caching.Hybrid.Aspire.API", "Caching.Hybrid.Aspire.API\Caching.Hybrid.Aspire.API.csproj", "{CA960046-A938-20E3-F245-DB13FDAE8975}"
EndProject
Project("{FAE04EC0-301F-11D3-BF4B-00C04F79EFBC}") = "Caching.Hybrid.Aspire.ServiceDefaults", "Caching.Hybrid.Aspire\Caching.Hybrid.Aspire.ServiceDefaults\Caching.Hybrid.Aspire.ServiceDefaults.csproj", "{D33E6807-A062-C297-05C4-3182642B13F2}"
EndProject
Project("{FAE04EC0-301F-11D3-BF4B-00C04F79EFBC}") = "Caching.Hybrid.Aspire.AppHost", "Caching.Hybrid.Aspire\Caching.Hybrid.Aspire.AppHost\Caching.Hybrid.Aspire.AppHost.csproj", "{D545B363-8DC9-0123-CE58-2B32B385A8C2}"
EndProject
Project("{FAE04EC0-301F-11D3-BF4B-00C04F79EFBC}") = "Caching.Hybrid.Aspire.Shared", "Caching.Hybrid.Aspire.Shared\Caching.Hybrid.Aspire.Shared.csproj", "{D6FF8733-0270-41B7-8BCB-904AF1B658A7}"
EndProject
Global
	GlobalSection(SolutionConfigurationPlatforms) = preSolution
		Debug|Any CPU = Debug|Any CPU
		Release|Any CPU = Release|Any CPU
	EndGlobalSection
	GlobalSection(ProjectConfigurationPlatforms) = postSolution
		{CA960046-A938-20E3-F245-DB13FDAE8975}.Debug|Any CPU.ActiveCfg = Debug|Any CPU
		{CA960046-A938-20E3-F245-DB13FDAE8975}.Debug|Any CPU.Build.0 = Debug|Any CPU
		{CA960046-A938-20E3-F245-DB13FDAE8975}.Release|Any CPU.ActiveCfg = Release|Any CPU
		{CA960046-A938-20E3-F245-DB13FDAE8975}.Release|Any CPU.Build.0 = Release|Any CPU
		{D33E6807-A062-C297-05C4-3182642B13F2}.Debug|Any CPU.ActiveCfg = Debug|Any CPU
		{D33E6807-A062-C297-05C4-3182642B13F2}.Debug|Any CPU.Build.0 = Debug|Any CPU
		{D33E6807-A062-C297-05C4-3182642B13F2}.Release|Any CPU.ActiveCfg = Release|Any CPU
		{D33E6807-A062-C297-05C4-3182642B13F2}.Release|Any CPU.Build.0 = Release|Any CPU
		{D545B363-8DC9-0123-CE58-2B32B385A8C2}.Debug|Any CPU.ActiveCfg = Debug|Any CPU
		{D545B363-8DC9-0123-CE58-2B32B385A8C2}.Debug|Any CPU.Build.0 = Debug|Any CPU
		{D545B363-8DC9-0123-CE58-2B32B385A8C2}.Release|Any CPU.ActiveCfg = Release|Any CPU
		{D545B363-8DC9-0123-CE58-2B32B385A8C2}.Release|Any CPU.Build.0 = Release|Any CPU
		{D6FF8733-0270-41B7-8BCB-904AF1B658A7}.Debug|Any CPU.ActiveCfg = Debug|Any CPU
		{D6FF8733-0270-41B7-8BCB-904AF1B658A7}.Debug|Any CPU.Build.0 = Debug|Any CPU
		{D6FF8733-0270-41B7-8BCB-904AF1B658A7}.Release|Any CPU.ActiveCfg = Release|Any CPU
		{D6FF8733-0270-41B7-8BCB-904AF1B658A7}.Release|Any CPU.Build.0 = Release|Any CPU
	EndGlobalSection
	GlobalSection(SolutionProperties) = preSolution
		HideSolutionNode = FALSE
	EndGlobalSection
	GlobalSection(ExtensibilityGlobals) = postSolution
		SolutionGuid = {130E347C-9CC4-49FB-9889-5697B9DF13F5}
	EndGlobalSection
EndGlobal
